
Microsoft Visual Studio Solution File, Format Version 12.00
# Visual Studio Version 17
VisualStudioVersion = 17.2.32616.157
MinimumVisualStudioVersion = 10.0.40219.1
Project("{9A19103F-16F7-4668-BE54-9A1E7A4F7556}") = "backup-to-s3", "backup-to-s3.csproj", "{CFE4948E-0A67-4322-8465-E7AB1AB50EE4}"
EndProject
Global
	GlobalSection(SolutionConfigurationPlatforms) = preSolution
		Debug|Any CPU = Debug|Any CPU
		Release|Any CPU = Release|Any CPU
	EndGlobalSection
	GlobalSection(ProjectConfigurationPlatforms) = postSolution
		{CFE4948E-0A67-4322-8465-E7AB1AB50EE4}.Debug|Any CPU.ActiveCfg = Debug|Any CPU
		{CFE4948E-0A67-4322-8465-E7AB1AB50EE4}.Debug|Any CPU.Build.0 = Debug|Any CPU
		{CFE4948E-0A67-4322-8465-E7AB1AB50EE4}.Release|Any CPU.ActiveCfg = Release|Any CPU
		{CFE4948E-0A67-4322-8465-E7AB1AB50EE4}.Release|Any CPU.Build.0 = Release|Any CPU
	EndGlobalSection
	GlobalSection(SolutionProperties) = preSolution
		HideSolutionNode = FALSE
	EndGlobalSection
	GlobalSection(ExtensibilityGlobals) = postSolution
		SolutionGuid = {E8F4F221-3F77-475A-84C2-E4F3577493F0}
	EndGlobalSection
EndGlobal
